
Microsoft Visual Studio Solution File, Format Version 12.00
# Visual Studio Version 17
VisualStudioVersion = 17.8.34330.188
MinimumVisualStudioVersion = 10.0.40219.1
Project("{FAE04EC0-301F-11D3-BF4B-00C04F79EFBC}") = "Exam Score Analyzer", "Exam Score Analyzer.csproj", "{496521F1-44AC-4212-AFBB-3FAFF3063005}"
EndProject
Global
	GlobalSection(SolutionConfigurationPlatforms) = preSolution
		Debug|Any CPU = Debug|Any CPU
		Release|Any CPU = Release|Any CPU
	EndGlobalSection
	GlobalSection(ProjectConfigurationPlatforms) = postSolution
		{496521F1-44AC-4212-AFBB-3FAFF3063005}.Debug|Any CPU.ActiveCfg = Debug|Any CPU
		{496521F1-44AC-4212-AFBB-3FAFF3063005}.Debug|Any CPU.Build.0 = Debug|Any CPU
		{496521F1-44AC-4212-AFBB-3FAFF3063005}.Release|Any CPU.ActiveCfg = Release|Any CPU
		{496521F1-44AC-4212-AFBB-3FAFF3063005}.Release|Any CPU.Build.0 = Release|Any CPU
	EndGlobalSection
	GlobalSection(SolutionProperties) = preSolution
		HideSolutionNode = FALSE
	EndGlobalSection
	GlobalSection(ExtensibilityGlobals) = postSolution
		SolutionGuid = {C728D11B-AA0F-4605-8F1E-D39AB18AB92E}
	EndGlobalSection
EndGlobal
